
Microsoft Visual Studio Solution File, Format Version 12.00
# Visual Studio Version 16
VisualStudioVersion = 16.0.31605.320
MinimumVisualStudioVersion = 10.0.40219.1
Project("{9A19103F-16F7-4668-BE54-9A1E7A4F7556}") = "MyFirstBlazorApp", "MyFirstBlazorApp\MyFirstBlazorApp.csproj", "{DADCCA8C-8C36-4217-AC2E-4A45FC733FDC}"
EndProject
Project("{FAE04EC0-301F-11D3-BF4B-00C04F79EFBC}") = "MyFirstBlazorAppTests", "MyFirstBlazorAppTests\MyFirstBlazorAppTests.csproj", "{D79C20E2-8351-4047-90E5-63DCDA618B0A}"
EndProject
Global
	GlobalSection(SolutionConfigurationPlatforms) = preSolution
		Debug|Any CPU = Debug|Any CPU
		Release|Any CPU = Release|Any CPU
	EndGlobalSection
	GlobalSection(ProjectConfigurationPlatforms) = postSolution
		{DADCCA8C-8C36-4217-AC2E-4A45FC733FDC}.Debug|Any CPU.ActiveCfg = Debug|Any CPU
		{DADCCA8C-8C36-4217-AC2E-4A45FC733FDC}.Debug|Any CPU.Build.0 = Debug|Any CPU
		{DADCCA8C-8C36-4217-AC2E-4A45FC733FDC}.Release|Any CPU.ActiveCfg = Release|Any CPU
		{DADCCA8C-8C36-4217-AC2E-4A45FC733FDC}.Release|Any CPU.Build.0 = Release|Any CPU
		{D79C20E2-8351-4047-90E5-63DCDA618B0A}.Debug|Any CPU.ActiveCfg = Debug|Any CPU
		{D79C20E2-8351-4047-90E5-63DCDA618B0A}.Debug|Any CPU.Build.0 = Debug|Any CPU
		{D79C20E2-8351-4047-90E5-63DCDA618B0A}.Release|Any CPU.ActiveCfg = Release|Any CPU
		{D79C20E2-8351-4047-90E5-63DCDA618B0A}.Release|Any CPU.Build.0 = Release|Any CPU
	EndGlobalSection
	GlobalSection(SolutionProperties) = preSolution
		HideSolutionNode = FALSE
	EndGlobalSection
	GlobalSection(ExtensibilityGlobals) = postSolution
		SolutionGuid = {6DD6EBC8-5032-4480-8793-BFCFDFA164E9}
	EndGlobalSection
EndGlobal
